// !$*UTF8*$!
{
	archiveVersion = 1;
	classes = {
	};
	objectVersion = 56;
	objects = {

/* Begin PBXBuildFile section */
		11858ACE29509AE4007EFD1B /* GradientButton.swift in Sources */ = {isa = PBXBuildFile; fileRef = 11858ACD29509AE4007EFD1B /* GradientButton.swift */; };
		11858AD02950A9C7007EFD1B /* EditExpenseView.swift in Sources */ = {isa = PBXBuildFile; fileRef = 11858ACF2950A9C7007EFD1B /* EditExpenseView.swift */; };
		11858AD42950FF18007EFD1B /* CustomCheckboxes.swift in Sources */ = {isa = PBXBuildFile; fileRef = 11858AD32950FF18007EFD1B /* CustomCheckboxes.swift */; };
		11C74D17294B3CBD001E886D /* Expense_Tracker_AppApp.swift in Sources */ = {isa = PBXBuildFile; fileRef = 11C74D16294B3CBD001E886D /* Expense_Tracker_AppApp.swift */; };
		11C74D19294B3CBD001E886D /* ContentView.swift in Sources */ = {isa = PBXBuildFile; fileRef = 11C74D18294B3CBD001E886D /* ContentView.swift */; };
		11C74D1B294B3CBF001E886D /* Assets.xcassets in Resources */ = {isa = PBXBuildFile; fileRef = 11C74D1A294B3CBF001E886D /* Assets.xcassets */; };
		11C74D1E294B3CBF001E886D /* Preview Assets.xcassets in Resources */ = {isa = PBXBuildFile; fileRef = 11C74D1D294B3CBF001E886D /* Preview Assets.xcassets */; };
		11C74D28294B47C1001E886D /* HomeView.swift in Sources */ = {isa = PBXBuildFile; fileRef = 11C74D27294B47C1001E886D /* HomeView.swift */; };
		11C74D2C294B4A74001E886D /* ExpenseViewModel.swift in Sources */ = {isa = PBXBuildFile; fileRef = 11C74D2B294B4A74001E886D /* ExpenseViewModel.swift */; };
		11C74D2E294B7729001E886D /* TransactionCardView.swift in Sources */ = {isa = PBXBuildFile; fileRef = 11C74D2D294B7729001E886D /* TransactionCardView.swift */; };
		11C74D30294B9210001E886D /* FilteredDetailView.swift in Sources */ = {isa = PBXBuildFile; fileRef = 11C74D2F294B9210001E886D /* FilteredDetailView.swift */; };
		11C74D32294B9710001E886D /* ExpenseCard.swift in Sources */ = {isa = PBXBuildFile; fileRef = 11C74D31294B9710001E886D /* ExpenseCard.swift */; };
		11C74D34294C5FD0001E886D /* NewExpenseView.swift in Sources */ = {isa = PBXBuildFile; fileRef = 11C74D33294C5FD0001E886D /* NewExpenseView.swift */; };
		11C74D42294D0FF5001E886D /* TransactionModel.xcdatamodeld in Sources */ = {isa = PBXBuildFile; fileRef = 11C74D40294D0FF5001E886D /* TransactionModel.xcdatamodeld */; };
		11C74D44294D10A2001E886D /* DataController.swift in Sources */ = {isa = PBXBuildFile; fileRef = 11C74D43294D10A2001E886D /* DataController.swift */; };
		11C74D46294E3DF0001E886D /* TransactionType.swift in Sources */ = {isa = PBXBuildFile; fileRef = 11C74D45294E3DF0001E886D /* TransactionType.swift */; };
/* End PBXBuildFile section */

/* Begin PBXFileReference section */
		11858ACD29509AE4007EFD1B /* GradientButton.swift */ = {isa = PBXFileReference; lastKnownFileType = sourcecode.swift; path = GradientButton.swift; sourceTree = "<group>"; };
		11858ACF2950A9C7007EFD1B /* EditExpenseView.swift */ = {isa = PBXFileReference; lastKnownFileType = sourcecode.swift; path = EditExpenseView.swift; sourceTree = "<group>"; };
		11858AD32950FF18007EFD1B /* CustomCheckboxes.swift */ = {isa = PBXFileReference; lastKnownFileType = sourcecode.swift; path = CustomCheckboxes.swift; sourceTree = "<group>"; };
		11C74D13294B3CBD001E886D /* Expense Tracker App.app */ = {isa = PBXFileReference; explicitFileType = wrapper.application; includeInIndex = 0; path = "Expense Tracker App.app"; sourceTree = BUILT_PRODUCTS_DIR; };
		11C74D16294B3CBD001E886D /* Expense_Tracker_AppApp.swift */ = {isa = PBXFileReference; lastKnownFileType = sourcecode.swift; path = Expense_Tracker_AppApp.swift; sourceTree = "<group>"; };
		11C74D18294B3CBD001E886D /* ContentView.swift */ = {isa = PBXFileReference; lastKnownFileType = sourcecode.swift; path = ContentView.swift; sourceTree = "<group>"; };
		11C74D1A294B3CBF001E886D /* Assets.xcassets */ = {isa = PBXFileReference; lastKnownFileType = folder.assetcatalog; path = Assets.xcassets; sourceTree = "<group>"; };
		11C74D1D294B3CBF001E886D /* Preview Assets.xcassets */ = {isa = PBXFileReference; lastKnownFileType = folder.assetcatalog; path = "Preview Assets.xcassets"; sourceTree = "<group>"; };
		11C74D27294B47C1001E886D /* HomeView.swift */ = {isa = PBXFileReference; lastKnownFileType = sourcecode.swift; path = HomeView.swift; sourceTree = "<group>"; };
		11C74D2B294B4A74001E886D /* ExpenseViewModel.swift */ = {isa = PBXFileReference; lastKnownFileType = sourcecode.swift; path = ExpenseViewModel.swift; sourceTree = "<group>"; };
		11C74D2D294B7729001E886D /* TransactionCardView.swift */ = {isa = PBXFileReference; lastKnownFileType = sourcecode.swift; path = TransactionCardView.swift; sourceTree = "<group>"; };
		11C74D2F294B9210001E886D /* FilteredDetailView.swift */ = {isa = PBXFileReference; lastKnownFileType = sourcecode.swift; path = FilteredDetailView.swift; sourceTree = "<group>"; };
		11C74D31294B9710001E886D /* ExpenseCard.swift */ = {isa = PBXFileReference; lastKnownFileType = sourcecode.swift; path = ExpenseCard.swift; sourceTree = "<group>"; };
		11C74D33294C5FD0001E886D /* NewExpenseView.swift */ = {isa = PBXFileReference; lastKnownFileType = sourcecode.swift; path = NewExpenseView.swift; sourceTree = "<group>"; };
		11C74D41294D0FF5001E886D /* ExpenseModel.xcdatamodel */ = {isa = PBXFileReference; lastKnownFileType = wrapper.xcdatamodel; path = ExpenseModel.xcdatamodel; sourceTree = "<group>"; };
		11C74D43294D10A2001E886D /* DataController.swift */ = {isa = PBXFileReference; lastKnownFileType = sourcecode.swift; path = DataController.swift; sourceTree = "<group>"; };
		11C74D45294E3DF0001E886D /* TransactionType.swift */ = {isa = PBXFileReference; lastKnownFileType = sourcecode.swift; path = TransactionType.swift; sourceTree = "<group>"; };
/* End PBXFileReference section */

/* Begin PBXFrameworksBuildPhase section */
		11C74D10294B3CBD001E886D /* Frameworks */ = {
			isa = PBXFrameworksBuildPhase;
			buildActionMask = 2147483647;
			files = (
			);
			runOnlyForDeploymentPostprocessing = 0;
		};
/* End PBXFrameworksBuildPhase section */

/* Begin PBXGroup section */
		11858ACA29509967007EFD1B /* Components */ = {
			isa = PBXGroup;
			children = (
				11C74D2D294B7729001E886D /* TransactionCardView.swift */,
				11C74D31294B9710001E886D /* ExpenseCard.swift */,
				11858ACD29509AE4007EFD1B /* GradientButton.swift */,
				11858AD32950FF18007EFD1B /* CustomCheckboxes.swift */,
			);
			path = Components;
			sourceTree = "<group>";
		};
		11C74D0A294B3CBD001E886D = {
			isa = PBXGroup;
			children = (
				11C74D15294B3CBD001E886D /* Expense Tracker App */,
				11C74D14294B3CBD001E886D /* Products */,
			);
			sourceTree = "<group>";
		};
		11C74D14294B3CBD001E886D /* Products */ = {
			isa = PBXGroup;
			children = (
				11C74D13294B3CBD001E886D /* Expense Tracker App.app */,
			);
			name = Products;
			sourceTree = "<group>";
		};
		11C74D15294B3CBD001E886D /* Expense Tracker App */ = {
			isa = PBXGroup;
			children = (
				11C74D3F294D0F80001E886D /* DataModel */,
				11C74D26294B47A6001E886D /* ViewModel */,
				11C74D24294B478F001E886D /* View */,
				11C74D16294B3CBD001E886D /* Expense_Tracker_AppApp.swift */,
				11C74D1A294B3CBF001E886D /* Assets.xcassets */,
				11C74D1C294B3CBF001E886D /* Preview Content */,
			);
			path = "Expense Tracker App";
			sourceTree = "<group>";
		};
		11C74D1C294B3CBF001E886D /* Preview Content */ = {
			isa = PBXGroup;
			children = (
				11C74D1D294B3CBF001E886D /* Preview Assets.xcassets */,
			);
			path = "Preview Content";
			sourceTree = "<group>";
		};
		11C74D24294B478F001E886D /* View */ = {
			isa = PBXGroup;
			children = (
				11858ACA29509967007EFD1B /* Components */,
				11C74D18294B3CBD001E886D /* ContentView.swift */,
				11C74D27294B47C1001E886D /* HomeView.swift */,
				11C74D2F294B9210001E886D /* FilteredDetailView.swift */,
				11C74D33294C5FD0001E886D /* NewExpenseView.swift */,
				11858ACF2950A9C7007EFD1B /* EditExpenseView.swift */,
			);
			path = View;
			sourceTree = "<group>";
		};
		11C74D26294B47A6001E886D /* ViewModel */ = {
			isa = PBXGroup;
			children = (
				11C74D2B294B4A74001E886D /* ExpenseViewModel.swift */,
			);
			path = ViewModel;
			sourceTree = "<group>";
		};
		11C74D3F294D0F80001E886D /* DataModel */ = {
			isa = PBXGroup;
			children = (
				11C74D40294D0FF5001E886D /* TransactionModel.xcdatamodeld */,
				11C74D43294D10A2001E886D /* DataController.swift */,
				11C74D45294E3DF0001E886D /* TransactionType.swift */,
			);
			path = DataModel;
			sourceTree = "<group>";
		};
/* End PBXGroup section */

/* Begin PBXNativeTarget section */
		11C74D12294B3CBD001E886D /* Expense Tracker App */ = {
			isa = PBXNativeTarget;
			buildConfigurationList = 11C74D21294B3CBF001E886D /* Build configuration list for PBXNativeTarget "Expense Tracker App" */;
			buildPhases = (
				11C74D0F294B3CBD001E886D /* Sources */,
				11C74D10294B3CBD001E886D /* Frameworks */,
				11C74D11294B3CBD001E886D /* Resources */,
			);
			buildRules = (
			);
			dependencies = (
			);
			name = "Expense Tracker App";
			productName = "Expense Tracker App";
			productReference = 11C74D13294B3CBD001E886D /* Expense Tracker App.app */;
			productType = "com.apple.product-type.application";
		};
/* End PBXNativeTarget section */

/* Begin PBXProject section */
		11C74D0B294B3CBD001E886D /* Project object */ = {
			isa = PBXProject;
			attributes = {
				BuildIndependentTargetsInParallel = 1;
				LastSwiftUpdateCheck = 1410;
				LastUpgradeCheck = 1410;
				TargetAttributes = {
					11C74D12294B3CBD001E886D = {
						CreatedOnToolsVersion = 14.1;
					};
				};
			};
			buildConfigurationList = 11C74D0E294B3CBD001E886D /* Build configuration list for PBXProject "Expense Tracker App" */;
			compatibilityVersion = "Xcode 14.0";
			developmentRegion = en;
			hasScannedForEncodings = 0;
			knownRegions = (
				en,
				Base,
			);
			mainGroup = 11C74D0A294B3CBD001E886D;
			productRefGroup = 11C74D14294B3CBD001E886D /* Products */;
			projectDirPath = "";
			projectRoot = "";
			targets = (
				11C74D12294B3CBD001E886D /* Expense Tracker App */,
			);
		};
/* End PBXProject section */

/* Begin PBXResourcesBuildPhase section */
		11C74D11294B3CBD001E886D /* Resources */ = {
			isa = PBXResourcesBuildPhase;
			buildActionMask = 2147483647;
			files = (
				11C74D1E294B3CBF001E886D /* Preview Assets.xcassets in Resources */,
				11C74D1B294B3CBF001E886D /* Assets.xcassets in Resources */,
			);
			runOnlyForDeploymentPostprocessing = 0;
		};
/* End PBXResourcesBuildPhase section */

/* Begin PBXSourcesBuildPhase section */
		11C74D0F294B3CBD001E886D /* Sources */ = {
			isa = PBXSourcesBuildPhase;
			buildActionMask = 2147483647;
			files = (
				11C74D30294B9210001E886D /* FilteredDetailView.swift in Sources */,
				11C74D28294B47C1001E886D /* HomeView.swift in Sources */,
				11C74D19294B3CBD001E886D /* ContentView.swift in Sources */,
				11C74D46294E3DF0001E886D /* TransactionType.swift in Sources */,
				11C74D42294D0FF5001E886D /* TransactionModel.xcdatamodeld in Sources */,
				11C74D44294D10A2001E886D /* DataController.swift in Sources */,
				11C74D2C294B4A74001E886D /* ExpenseViewModel.swift in Sources */,
				11C74D17294B3CBD001E886D /* Expense_Tracker_AppApp.swift in Sources */,
				11C74D32294B9710001E886D /* ExpenseCard.swift in Sources */,
				11858ACE29509AE4007EFD1B /* GradientButton.swift in Sources */,
				11858AD02950A9C7007EFD1B /* EditExpenseView.swift in Sources */,
				11C74D2E294B7729001E886D /* TransactionCardView.swift in Sources */,
				11C74D34294C5FD0001E886D /* NewExpenseView.swift in Sources */,
				11858AD42950FF18007EFD1B /* CustomCheckboxes.swift in Sources */,
			);
			runOnlyForDeploymentPostprocessing = 0;
		};
/* End PBXSourcesBuildPhase section */

/* Begin XCBuildConfiguration section */
		11C74D1F294B3CBF001E886D /* Debug */ = {
			isa = XCBuildConfiguration;
			buildSettings = {
				ALWAYS_SEARCH_USER_PATHS = NO;
				CLANG_ANALYZER_NONNULL = YES;
				CLANG_ANALYZER_NUMBER_OBJECT_CONVERSION = YES_AGGRESSIVE;
				CLANG_CXX_LANGUAGE_STANDARD = "gnu++20";
				CLANG_ENABLE_MODULES = YES;
				CLANG_ENABLE_OBJC_ARC = YES;
				CLANG_ENABLE_OBJC_WEAK = YES;
				CLANG_WARN_BLOCK_CAPTURE_AUTORELEASING = YES;
				CLANG_WARN_BOOL_CONVERSION = YES;
				CLANG_WARN_COMMA = YES;
				CLANG_WARN_CONSTANT_CONVERSION = YES;
				CLANG_WARN_DEPRECATED_OBJC_IMPLEMENTATIONS = YES;
				CLANG_WARN_DIRECT_OBJC_ISA_USAGE = YES_ERROR;
				CLANG_WARN_DOCUMENTATION_COMMENTS = YES;
				CLANG_WARN_EMPTY_BODY = YES;
				CLANG_WARN_ENUM_CONVERSION = YES;
				CLANG_WARN_INFINITE_RECURSION = YES;
				CLANG_WARN_INT_CONVERSION = YES;
				CLANG_WARN_NON_LITERAL_NULL_CONVERSION = YES;
				CLANG_WARN_OBJC_IMPLICIT_RETAIN_SELF = YES;
				CLANG_WARN_OBJC_LITERAL_CONVERSION = YES;
				CLANG_WARN_OBJC_ROOT_CLASS = YES_ERROR;
				CLANG_WARN_QUOTED_INCLUDE_IN_FRAMEWORK_HEADER = YES;
				CLANG_WARN_RANGE_LOOP_ANALYSIS = YES;
				CLANG_WARN_STRICT_PROTOTYPES = YES;
				CLANG_WARN_SUSPICIOUS_MOVE = YES;
				CLANG_WARN_UNGUARDED_AVAILABILITY = YES_AGGRESSIVE;
				CLANG_WARN_UNREACHABLE_CODE = YES;
				CLANG_WARN__DUPLICATE_METHOD_MATCH = YES;
				COPY_PHASE_STRIP = NO;
				DEBUG_INFORMATION_FORMAT = dwarf;
				ENABLE_STRICT_OBJC_MSGSEND = YES;
				ENABLE_TESTABILITY = YES;
				GCC_C_LANGUAGE_STANDARD = gnu11;
				GCC_DYNAMIC_NO_PIC = NO;
				GCC_NO_COMMON_BLOCKS = YES;
				GCC_OPTIMIZATION_LEVEL = 0;
				GCC_PREPROCESSOR_DEFINITIONS = (
					"DEBUG=1",
					"$(inherited)",
				);
				GCC_WARN_64_TO_32_BIT_CONVERSION = YES;
				GCC_WARN_ABOUT_RETURN_TYPE = YES_ERROR;
				GCC_WARN_UNDECLARED_SELECTOR = YES;
				GCC_WARN_UNINITIALIZED_AUTOS = YES_AGGRESSIVE;
				GCC_WARN_UNUSED_FUNCTION = YES;
				GCC_WARN_UNUSED_VARIABLE = YES;
				IPHONEOS_DEPLOYMENT_TARGET = 16.1;
				MTL_ENABLE_DEBUG_INFO = INCLUDE_SOURCE;
				MTL_FAST_MATH = YES;
				ONLY_ACTIVE_ARCH = YES;
				SDKROOT = iphoneos;
				SWIFT_ACTIVE_COMPILATION_CONDITIONS = DEBUG;
				SWIFT_OPTIMIZATION_LEVEL = "-Onone";
			};
			name = Debug;
		};
		11C74D20294B3CBF001E886D /* Release */ = {
			isa = XCBuildConfiguration;
			buildSettings = {
				ALWAYS_SEARCH_USER_PATHS = NO;
				CLANG_ANALYZER_NONNULL = YES;
				CLANG_ANALYZER_NUMBER_OBJECT_CONVERSION = YES_AGGRESSIVE;
				CLANG_CXX_LANGUAGE_STANDARD = "gnu++20";
				CLANG_ENABLE_MODULES = YES;
				CLANG_ENABLE_OBJC_ARC = YES;
				CLANG_ENABLE_OBJC_WEAK = YES;
				CLANG_WARN_BLOCK_CAPTURE_AUTORELEASING = YES;
				CLANG_WARN_BOOL_CONVERSION = YES;
				CLANG_WARN_COMMA = YES;
				CLANG_WARN_CONSTANT_CONVERSION = YES;
				CLANG_WARN_DEPRECATED_OBJC_IMPLEMENTATIONS = YES;
				CLANG_WARN_DIRECT_OBJC_ISA_USAGE = YES_ERROR;
				CLANG_WARN_DOCUMENTATION_COMMENTS = YES;
				CLANG_WARN_EMPTY_BODY = YES;
				CLANG_WARN_ENUM_CONVERSION = YES;
				CLANG_WARN_INFINITE_RECURSION = YES;
				CLANG_WARN_INT_CONVERSION = YES;
				CLANG_WARN_NON_LITERAL_NULL_CONVERSION = YES;
				CLANG_WARN_OBJC_IMPLICIT_RETAIN_SELF = YES;
				CLANG_WARN_OBJC_LITERAL_CONVERSION = YES;
				CLANG_WARN_OBJC_ROOT_CLASS = YES_ERROR;
				CLANG_WARN_QUOTED_INCLUDE_IN_FRAMEWORK_HEADER = YES;
				CLANG_WARN_RANGE_LOOP_ANALYSIS = YES;
				CLANG_WARN_STRICT_PROTOTYPES = YES;
				CLANG_WARN_SUSPICIOUS_MOVE = YES;
				CLANG_WARN_UNGUARDED_AVAILABILITY = YES_AGGRESSIVE;
				CLANG_WARN_UNREACHABLE_CODE = YES;
				CLANG_WARN__DUPLICATE_METHOD_MATCH = YES;
				COPY_PHASE_STRIP = NO;
				DEBUG_INFORMATION_FORMAT = "dwarf-with-dsym";
				ENABLE_NS_ASSERTIONS = NO;
				ENABLE_STRICT_OBJC_MSGSEND = YES;
				GCC_C_LANGUAGE_STANDARD = gnu11;
				GCC_NO_COMMON_BLOCKS = YES;
				GCC_WARN_64_TO_32_BIT_CONVERSION = YES;
				GCC_WARN_ABOUT_RETURN_TYPE = YES_ERROR;
				GCC_WARN_UNDECLARED_SELECTOR = YES;
				GCC_WARN_UNINITIALIZED_AUTOS = YES_AGGRESSIVE;
				GCC_WARN_UNUSED_FUNCTION = YES;
				GCC_WARN_UNUSED_VARIABLE = YES;
				IPHONEOS_DEPLOYMENT_TARGET = 16.1;
				MTL_ENABLE_DEBUG_INFO = NO;
				MTL_FAST_MATH = YES;
				SDKROOT = iphoneos;
				SWIFT_COMPILATION_MODE = wholemodule;
				SWIFT_OPTIMIZATION_LEVEL = "-O";
				VALIDATE_PRODUCT = YES;
			};
			name = Release;
		};
		11C74D22294B3CBF001E886D /* Debug */ = {
			isa = XCBuildConfiguration;
			buildSettings = {
				ASSETCATALOG_COMPILER_APPICON_NAME = AppIcon;
				ASSETCATALOG_COMPILER_GLOBAL_ACCENT_COLOR_NAME = AccentColor;
				CODE_SIGN_STYLE = Automatic;
				CURRENT_PROJECT_VERSION = 1;
				DEVELOPMENT_ASSET_PATHS = "\"Expense Tracker App/Preview Content\"";
				DEVELOPMENT_TEAM = R547K25NLW;
				ENABLE_PREVIEWS = YES;
				GENERATE_INFOPLIST_FILE = YES;
				INFOPLIST_KEY_UIApplicationSceneManifest_Generation = YES;
				INFOPLIST_KEY_UIApplicationSupportsIndirectInputEvents = YES;
				INFOPLIST_KEY_UILaunchScreen_Generation = YES;
				INFOPLIST_KEY_UISupportedInterfaceOrientations_iPad = "UIInterfaceOrientationPortrait UIInterfaceOrientationPortraitUpsideDown UIInterfaceOrientationLandscapeLeft UIInterfaceOrientationLandscapeRight";
				INFOPLIST_KEY_UISupportedInterfaceOrientations_iPhone = "UIInterfaceOrientationPortrait UIInterfaceOrientationLandscapeLeft UIInterfaceOrientationLandscapeRight";
				LD_RUNPATH_SEARCH_PATHS = (
					"$(inherited)",
					"@executable_path/Frameworks",
				);
				MARKETING_VERSION = 1.0;
				PRODUCT_BUNDLE_IDENTIFIER = "com.teddy1496.Expense-Tracker-App";
				PRODUCT_NAME = "$(TARGET_NAME)";
				SWIFT_EMIT_LOC_STRINGS = YES;
				SWIFT_VERSION = 5.0;
				TARGETED_DEVICE_FAMILY = "1,2";
			};
			name = Debug;
		};
		11C74D23294B3CBF001E886D /* Release */ = {
			isa = XCBuildConfiguration;
			buildSettings = {
				ASSETCATALOG_COMPILER_APPICON_NAME = AppIcon;
				ASSETCATALOG_COMPILER_GLOBAL_ACCENT_COLOR_NAME = AccentColor;
				CODE_SIGN_STYLE = Automatic;
				CURRENT_PROJECT_VERSION = 1;
				DEVELOPMENT_ASSET_PATHS = "\"Expense Tracker App/Preview Content\"";
				DEVELOPMENT_TEAM = R547K25NLW;
				ENABLE_PREVIEWS = YES;
				GENERATE_INFOPLIST_FILE = YES;
				INFOPLIST_KEY_UIApplicationSceneManifest_Generation = YES;
				INFOPLIST_KEY_UIApplicationSupportsIndirectInputEvents = YES;
				INFOPLIST_KEY_UILaunchScreen_Generation = YES;
				INFOPLIST_KEY_UISupportedInterfaceOrientations_iPad = "UIInterfaceOrientationPortrait UIInterfaceOrientationPortraitUpsideDown UIInterfaceOrientationLandscapeLeft UIInterfaceOrientationLandscapeRight";
				INFOPLIST_KEY_UISupportedInterfaceOrientations_iPhone = "UIInterfaceOrientationPortrait UIInterfaceOrientationLandscapeLeft UIInterfaceOrientationLandscapeRight";
				LD_RUNPATH_SEARCH_PATHS = (
					"$(inherited)",
					"@executable_path/Frameworks",
				);
				MARKETING_VERSION = 1.0;
				PRODUCT_BUNDLE_IDENTIFIER = "com.teddy1496.Expense-Tracker-App";
				PRODUCT_NAME = "$(TARGET_NAME)";
				SWIFT_EMIT_LOC_STRINGS = YES;
				SWIFT_VERSION = 5.0;
				TARGETED_DEVICE_FAMILY = "1,2";
			};
			name = Release;
		};
/* End XCBuildConfiguration section */

/* Begin XCConfigurationList section */
		11C74D0E294B3CBD001E886D /* Build configuration list for PBXProject "Expense Tracker App" */ = {
			isa = XCConfigurationList;
			buildConfigurations = (
				11C74D1F294B3CBF001E886D /* Debug */,
				11C74D20294B3CBF001E886D /* Release */,
			);
			defaultConfigurationIsVisible = 0;
			defaultConfigurationName = Release;
		};
		11C74D21294B3CBF001E886D /* Build configuration list for PBXNativeTarget "Expense Tracker App" */ = {
			isa = XCConfigurationList;
			buildConfigurations = (
				11C74D22294B3CBF001E886D /* Debug */,
				11C74D23294B3CBF001E886D /* Release */,
			);
			defaultConfigurationIsVisible = 0;
			defaultConfigurationName = Release;
		};
/* End XCConfigurationList section */

/* Begin XCVersionGroup section */
		11C74D40294D0FF5001E886D /* TransactionModel.xcdatamodeld */ = {
			isa = XCVersionGroup;
			children = (
				11C74D41294D0FF5001E886D /* ExpenseModel.xcdatamodel */,
			);
			currentVersion = 11C74D41294D0FF5001E886D /* ExpenseModel.xcdatamodel */;
			path = TransactionModel.xcdatamodeld;
			sourceTree = "<group>";
			versionGroupType = wrapper.xcdatamodel;
		};
/* End XCVersionGroup section */
	};
	rootObject = 11C74D0B294B3CBD001E886D /* Project object */;
}
